
Microsoft Visual Studio Solution File, Format Version 12.00
# Visual Studio Version 17
VisualStudioVersion = 17.1.32228.430
MinimumVisualStudioVersion = 10.0.40219.1
Project("{FAE04EC0-301F-11D3-BF4B-00C04F79EFBC}") = "TrueNorth.Api", "TrueNorth.Api\TrueNorth.Api.csproj", "{21861565-ED9D-498B-807B-46D18C70A1C9}"
EndProject
Project("{FAE04EC0-301F-11D3-BF4B-00C04F79EFBC}") = "TrueNorth.Core", "TrueNorth.Core\TrueNorth.Core.csproj", "{42746642-623A-4826-A9FE-B7D487295DD3}"
EndProject
Global
	GlobalSection(SolutionConfigurationPlatforms) = preSolution
		Debug|Any CPU = Debug|Any CPU
		Release|Any CPU = Release|Any CPU
	EndGlobalSection
	GlobalSection(ProjectConfigurationPlatforms) = postSolution
		{21861565-ED9D-498B-807B-46D18C70A1C9}.Debug|Any CPU.ActiveCfg = Debug|Any CPU
		{21861565-ED9D-498B-807B-46D18C70A1C9}.Debug|Any CPU.Build.0 = Debug|Any CPU
		{21861565-ED9D-498B-807B-46D18C70A1C9}.Release|Any CPU.ActiveCfg = Release|Any CPU
		{21861565-ED9D-498B-807B-46D18C70A1C9}.Release|Any CPU.Build.0 = Release|Any CPU
		{42746642-623A-4826-A9FE-B7D487295DD3}.Debug|Any CPU.ActiveCfg = Debug|Any CPU
		{42746642-623A-4826-A9FE-B7D487295DD3}.Debug|Any CPU.Build.0 = Debug|Any CPU
		{42746642-623A-4826-A9FE-B7D487295DD3}.Release|Any CPU.ActiveCfg = Release|Any CPU
		{42746642-623A-4826-A9FE-B7D487295DD3}.Release|Any CPU.Build.0 = Release|Any CPU
	EndGlobalSection
	GlobalSection(SolutionProperties) = preSolution
		HideSolutionNode = FALSE
	EndGlobalSection
	GlobalSection(ExtensibilityGlobals) = postSolution
		SolutionGuid = {14E9E6DD-72F5-44DD-9767-55C74AFB6294}
	EndGlobalSection
EndGlobal
